{
    "_readme": [
        "This file locks the dependencies of your project to a known state",
        "Read more about it at https://getcomposer.org/doc/01-basic-usage.md#composer-lock-the-lock-file",
        "This file is @generated automatically"
    ],
    "hash": "3ab2ecdc03dd9ce4691e8475e970d511",
    "content-hash": "33ad8208d5d63069aa91290a1e7cf302",
    "packages": [
        {
            "name": "iachilles/eavactiverecord",
            "version": "dev-master",
            "source": {
                "type": "git",
                "url": "https://github.com/iAchilles/eavactiverecord.git",
                "reference": "d118a9509fc3f8f9bac1f271f96e00071b716986"
            },
            "dist": {
                "type": "zip",
                "url": "https://api.github.com/repos/iAchilles/eavactiverecord/zipball/d118a9509fc3f8f9bac1f271f96e00071b716986",
                "reference": "d118a9509fc3f8f9bac1f271f96e00071b716986",
                "shasum": ""
            },
            "require": {
                "php": ">=5.1.0"
            },
            "type": "yii-extension",
            "notification-url": "https://packagist.org/downloads/",
            "license": [
                "MIT"
            ],
            "authors": [
                {
                    "name": "Igor Manturov, Jr.",
                    "email": "igor.manturov.jr@gmail.com"
                }
            ],
            "description": "Implements entity-attribute-value pattern and provides a simple way to work with EAV-attributes.",
            "homepage": "https://github.com/iAchilles/eavactiverecord",
            "keywords": [
                "activerecord",
                "eav",
                "extension",
                "object-attribute-value",
                "yii"
            ],
            "time": "2014-11-19 11:27:20"
        },
        {
            "name": "smottt/wideimage",
            "version": "dev-master",
            "source": {
                "type": "git",
                "url": "https://github.com/smottt/WideImage.git",
                "reference": "669f63f1452c7fc70120fff4bc457727714a0834"
            },
            "dist": {
                "type": "zip",
                "url": "https://api.github.com/repos/smottt/WideImage/zipball/56803f947bfdbe147fd5eb3607fd3450d4a224fc",
                "reference": "669f63f1452c7fc70120fff4bc457727714a0834",
                "shasum": ""
            },
            "type": "library",
            "autoload": {
                "psr-0": {
                    "WideImage": "lib/"
                }
            },
            "notification-url": "https://packagist.org/downloads/",
            "license": [
                "GPL-2.0",
                "LGPL-2.1"
            ],
            "description": "An open-source PHP library for image manipulation. (With namespaces, PHP 5.3+)",
            "homepage": "http://wideimage.sourceforge.net",
            "time": "2015-05-27 09:42:22"
        },
        {
            "name": "twig/twig",
            "version": "v1.22.1",
            "source": {
                "type": "git",
                "url": "https://github.com/twigphp/Twig.git",
                "reference": "b7fc2469fa009897871fb95b68237286fc54a5ad"
            },
            "dist": {
                "type": "zip",
                "url": "https://api.github.com/repos/twigphp/Twig/zipball/b7fc2469fa009897871fb95b68237286fc54a5ad",
                "reference": "b7fc2469fa009897871fb95b68237286fc54a5ad",
                "shasum": ""
            },
            "require": {
                "php": ">=5.2.7"
            },
            "require-dev": {
                "symfony/debug": "~2.7",
                "symfony/phpunit-bridge": "~2.7"
            },
            "type": "library",
            "extra": {
                "branch-alias": {
                    "dev-master": "1.22-dev"
                }
            },
            "autoload": {
                "psr-0": {
                    "Twig_": "lib/"
                }
            },
            "notification-url": "https://packagist.org/downloads/",
            "license": [
                "BSD-3-Clause"
            ],
            "authors": [
                {
                    "name": "Fabien Potencier",
                    "email": "fabien@symfony.com",
                    "homepage": "http://fabien.potencier.org",
                    "role": "Lead Developer"
                },
                {
                    "name": "Armin Ronacher",
                    "email": "armin.ronacher@active-4.com",
                    "role": "Project Founder"
                },
                {
                    "name": "Twig Team",
                    "homepage": "http://twig.sensiolabs.org/contributors",
                    "role": "Contributors"
                }
            ],
            "description": "Twig, the flexible, fast, and secure template language for PHP",
            "homepage": "http://twig.sensiolabs.org",
            "keywords": [
                "templating"
            ],
            "time": "2015-09-15 06:50:16"
        },
        {
            "name": "yiiext/nested-set-behavior",
            "version": "dev-master",
            "source": {
                "type": "git",
                "url": "https://github.com/yiiext/nested-set-behavior.git",
                "reference": "c0f82f5d1de1ac05d96b1959d7fba248ef3bf959"
            },
            "dist": {
                "type": "zip",
                "url": "https://api.github.com/repos/yiiext/nested-set-behavior/zipball/c0f82f5d1de1ac05d96b1959d7fba248ef3bf959",
                "reference": "c0f82f5d1de1ac05d96b1959d7fba248ef3bf959",
                "shasum": ""
            },
            "require": {
                "php": ">=5.1.0"
            },
            "type": "yii-extension",
            "autoload": {
                "classmap": [
                    "NestedSetBehavior.php"
                ]
            },
            "notification-url": "https://packagist.org/downloads/",
            "license": [
                "BSD-3-Clause"
            ],
            "authors": [
                {
                    "name": "Alexander Kochetov",
                    "email": "creocoder@gmail.com"
                }
            ],
            "description": "AR models behavior that allows to work with nested sets tree.",
            "homepage": "https://github.com/yiiext/nested-set-behavior",
            "keywords": [
                "extension",
                "nested set",
                "yii"
            ],
            "time": "2015-01-01 06:28:50"
        },
        {
            "name": "yiiext/twig-renderer",
            "version": "1.1.15",
            "source": {
                "type": "git",
                "url": "https://github.com/yiiext/twig-renderer",
                "reference": "v1.1.15"
            },
            "type": "library"
        },
        {
            "name": "yiisoft/yii",
            "version": "dev-master",
            "source": {
                "type": "git",
                "url": "https://github.com/yiisoft/yii.git",
                "reference": "eda86c729658b0d2b652b0a261899507af3d9159"
            },
            "dist": {
                "type": "zip",
                "url": "https://api.github.com/repos/yiisoft/yii/zipball/485c001e99ba1e60eabd496027e69eecdee5ed72",
                "reference": "eda86c729658b0d2b652b0a261899507af3d9159",
                "shasum": ""
            },
            "require": {
                "php": ">=5.1.0"
            },
            "bin": [
                "framework/yiic"
            ],
            "type": "library",
            "autoload": {
                "classmap": [
                    "framework/YiiBase.php",
                    "framework/yii.php"
                ]
            },
            "notification-url": "https://packagist.org/downloads/",
            "license": [
                "BSD-3-Clause"
            ],
            "authors": [
                {
                    "name": "Qiang Xue",
                    "email": "qiang.xue@gmail.com",
                    "homepage": "http://www.yiiframework.com/",
                    "role": "Founder and project lead"
                },
                {
                    "name": "Alexander Makarov",
                    "email": "sam@rmcreative.ru",
                    "homepage": "http://rmcreative.ru/",
                    "role": "Core framework development"
                },
                {
                    "name": "Maurizio Domba",
                    "homepage": "http://mdomba.info/",
                    "role": "Core framework development"
                },
                {
                    "name": "Carsten Brandt",
                    "email": "mail@cebe.cc",
                    "homepage": "http://cebe.cc/",
                    "role": "Core framework development"
                },
                {
                    "name": "Wei Zhuo",
                    "email": "weizhuo@gmail.com",
                    "role": "Project site maintenance and development"
                },
                {
                    "name": "Sebastián Thierer",
                    "email": "sebas@artfos.com",
                    "role": "Component development"
                },
                {
                    "name": "Jeffrey Winesett",
                    "email": "jefftulsa@gmail.com",
                    "role": "Documentation and marketing"
                },
                {
                    "name": "Timur Ruziev",
                    "email": "resurtm@gmail.com",
                    "homepage": "http://resurtm.com/",
                    "role": "Core framework development"
                },
                {
                    "name": "Paul Klimov",
                    "email": "klimov.paul@gmail.com",
                    "role": "Core framework development"
                }
            ],
            "description": "Yii Web Programming Framework",
            "homepage": "http://www.yiiframework.com/",
            "keywords": [
                "framework",
                "yii"
            ],
            "time": "2015-06-02 20:16:15"
        }
    ],
    "packages-dev": [],
    "aliases": [],
    "minimum-stability": "stable",
    "stability-flags": {
        "yiisoft/yii": 20,
        "yiiext/nested-set-behavior": 20,
        "iachilles/eavactiverecord": 20,
        "smottt/wideimage": 20
    },
    "prefer-stable": false,
    "prefer-lowest": false,
    "platform": {
        "php": ">=5.3.0"
    },
    "platform-dev": []
}
